// !$*UTF8*$!
{
	archiveVersion = 1;
	classes = {
	};
	objectVersion = 46;
	objects = {

/* Begin PBXBuildFile section */
		3EB0BCDF19F10D6700C15EEA /* TouchIDPass.m in Sources */ = {isa = PBXBuildFile; fileRef = 3EB0BCDE19F10D6700C15EEA /* TouchIDPass.m */; };
		3EBBEBFB19EFF38500EEB90C /* main.m in Sources */ = {isa = PBXBuildFile; fileRef = 3EBBEBFA19EFF38500EEB90C /* main.m */; };
		3EBBEBFE19EFF38500EEB90C /* AppDelegate.m in Sources */ = {isa = PBXBuildFile; fileRef = 3EBBEBFD19EFF38500EEB90C /* AppDelegate.m */; };
		3EBBEC0119EFF38500EEB90C /* ViewController.m in Sources */ = {isa = PBXBuildFile; fileRef = 3EBBEC0019EFF38500EEB90C /* ViewController.m */; };
		3EBBEC0419EFF38500EEB90C /* Main.storyboard in Resources */ = {isa = PBXBuildFile; fileRef = 3EBBEC0219EFF38500EEB90C /* Main.storyboard */; };
		3EBBEC0619EFF38500EEB90C /* Images.xcassets in Resources */ = {isa = PBXBuildFile; fileRef = 3EBBEC0519EFF38500EEB90C /* Images.xcassets */; };
		3EBBEC0919EFF38500EEB90C /* LaunchScreen.xib in Resources */ = {isa = PBXBuildFile; fileRef = 3EBBEC0719EFF38500EEB90C /* LaunchScreen.xib */; };
		3EBBEC1519EFF38500EEB90C /* TouchIDPassDemoTests.m in Sources */ = {isa = PBXBuildFile; fileRef = 3EBBEC1419EFF38500EEB90C /* TouchIDPassDemoTests.m */; };
/* End PBXBuildFile section */

/* Begin PBXContainerItemProxy section */
		3EBBEC0F19EFF38500EEB90C /* PBXContainerItemProxy */ = {
			isa = PBXContainerItemProxy;
			containerPortal = 3EBBEBED19EFF38500EEB90C /* Project object */;
			proxyType = 1;
			remoteGlobalIDString = 3EBBEBF419EFF38500EEB90C;
			remoteInfo = TouchIDPassDemo;
		};
/* End PBXContainerItemProxy section */

/* Begin PBXFileReference section */
		3EB0BCDD19F10D6700C15EEA /* TouchIDPass.h */ = {isa = PBXFileReference; fileEncoding = 4; lastKnownFileType = sourcecode.c.h; path = TouchIDPass.h; sourceTree = "<group>"; };
		3EB0BCDE19F10D6700C15EEA /* TouchIDPass.m */ = {isa = PBXFileReference; fileEncoding = 4; lastKnownFileType = sourcecode.c.objc; path = TouchIDPass.m; sourceTree = "<group>"; };
		3EBBEBF519EFF38500EEB90C /* TouchIDPassDemo.app */ = {isa = PBXFileReference; explicitFileType = wrapper.application; includeInIndex = 0; path = TouchIDPassDemo.app; sourceTree = BUILT_PRODUCTS_DIR; };
		3EBBEBF919EFF38500EEB90C /* Info.plist */ = {isa = PBXFileReference; lastKnownFileType = text.plist.xml; path = Info.plist; sourceTree = "<group>"; };
		3EBBEBFA19EFF38500EEB90C /* main.m */ = {isa = PBXFileReference; lastKnownFileType = sourcecode.c.objc; path = main.m; sourceTree = "<group>"; };
		3EBBEBFC19EFF38500EEB90C /* AppDelegate.h */ = {isa = PBXFileReference; lastKnownFileType = sourcecode.c.h; path = AppDelegate.h; sourceTree = "<group>"; };
		3EBBEBFD19EFF38500EEB90C /* AppDelegate.m */ = {isa = PBXFileReference; lastKnownFileType = sourcecode.c.objc; path = AppDelegate.m; sourceTree = "<group>"; };
		3EBBEBFF19EFF38500EEB90C /* ViewController.h */ = {isa = PBXFileReference; lastKnownFileType = sourcecode.c.h; path = ViewController.h; sourceTree = "<group>"; };
		3EBBEC0019EFF38500EEB90C /* ViewController.m */ = {isa = PBXFileReference; lastKnownFileType = sourcecode.c.objc; path = ViewController.m; sourceTree = "<group>"; };
		3EBBEC0319EFF38500EEB90C /* Base */ = {isa = PBXFileReference; lastKnownFileType = file.storyboard; name = Base; path = Base.lproj/Main.storyboard; sourceTree = "<group>"; };
		3EBBEC0519EFF38500EEB90C /* Images.xcassets */ = {isa = PBXFileReference; lastKnownFileType = folder.assetcatalog; path = Images.xcassets; sourceTree = "<group>"; };
		3EBBEC0819EFF38500EEB90C /* Base */ = {isa = PBXFileReference; lastKnownFileType = file.xib; name = Base; path = Base.lproj/LaunchScreen.xib; sourceTree = "<group>"; };
		3EBBEC0E19EFF38500EEB90C /* TouchIDPassDemoTests.xctest */ = {isa = PBXFileReference; explicitFileType = wrapper.cfbundle; includeInIndex = 0; path = TouchIDPassDemoTests.xctest; sourceTree = BUILT_PRODUCTS_DIR; };
		3EBBEC1319EFF38500EEB90C /* Info.plist */ = {isa = PBXFileReference; lastKnownFileType = text.plist.xml; path = Info.plist; sourceTree = "<group>"; };
		3EBBEC1419EFF38500EEB90C /* TouchIDPassDemoTests.m */ = {isa = PBXFileReference; lastKnownFileType = sourcecode.c.objc; path = TouchIDPassDemoTests.m; sourceTree = "<group>"; };
/* End PBXFileReference section */

/* Begin PBXFrameworksBuildPhase section */
		3EBBEBF219EFF38500EEB90C /* Frameworks */ = {
			isa = PBXFrameworksBuildPhase;
			buildActionMask = 2147483647;
			files = (
			);
			runOnlyForDeploymentPostprocessing = 0;
		};
		3EBBEC0B19EFF38500EEB90C /* Frameworks */ = {
			isa = PBXFrameworksBuildPhase;
			buildActionMask = 2147483647;
			files = (
			);
			runOnlyForDeploymentPostprocessing = 0;
		};
/* End PBXFrameworksBuildPhase section */

/* Begin PBXGroup section */
		3EB0BCDC19F10D6700C15EEA /* SDK */ = {
			isa = PBXGroup;
			children = (
				3EB0BCDD19F10D6700C15EEA /* TouchIDPass.h */,
				3EB0BCDE19F10D6700C15EEA /* TouchIDPass.m */,
			);
			name = SDK;
			path = ../SDK;
			sourceTree = "<group>";
		};
		3EBBEBEC19EFF38500EEB90C = {
			isa = PBXGroup;
			children = (
				3EB0BCDC19F10D6700C15EEA /* SDK */,
				3EBBEBF719EFF38500EEB90C /* TouchIDPassDemo */,
				3EBBEC1119EFF38500EEB90C /* TouchIDPassDemoTests */,
				3EBBEBF619EFF38500EEB90C /* Products */,
			);
			sourceTree = "<group>";
		};
		3EBBEBF619EFF38500EEB90C /* Products */ = {
			isa = PBXGroup;
			children = (
				3EBBEBF519EFF38500EEB90C /* TouchIDPassDemo.app */,
				3EBBEC0E19EFF38500EEB90C /* TouchIDPassDemoTests.xctest */,
			);
			name = Products;
			sourceTree = "<group>";
		};
		3EBBEBF719EFF38500EEB90C /* TouchIDPassDemo */ = {
			isa = PBXGroup;
			children = (
				3EBBEBFC19EFF38500EEB90C /* AppDelegate.h */,
				3EBBEBFD19EFF38500EEB90C /* AppDelegate.m */,
				3EBBEBFF19EFF38500EEB90C /* ViewController.h */,
				3EBBEC0019EFF38500EEB90C /* ViewController.m */,
				3EBBEC0219EFF38500EEB90C /* Main.storyboard */,
				3EBBEC0519EFF38500EEB90C /* Images.xcassets */,
				3EBBEC0719EFF38500EEB90C /* LaunchScreen.xib */,
				3EBBEBF819EFF38500EEB90C /* Supporting Files */,
			);
			path = TouchIDPassDemo;
			sourceTree = "<group>";
		};
		3EBBEBF819EFF38500EEB90C /* Supporting Files */ = {
			isa = PBXGroup;
			children = (
				3EBBEBF919EFF38500EEB90C /* Info.plist */,
				3EBBEBFA19EFF38500EEB90C /* main.m */,
			);
			name = "Supporting Files";
			sourceTree = "<group>";
		};
		3EBBEC1119EFF38500EEB90C /* TouchIDPassDemoTests */ = {
			isa = PBXGroup;
			children = (
				3EBBEC1419EFF38500EEB90C /* TouchIDPassDemoTests.m */,
				3EBBEC1219EFF38500EEB90C /* Supporting Files */,
			);
			path = TouchIDPassDemoTests;
			sourceTree = "<group>";
		};
		3EBBEC1219EFF38500EEB90C /* Supporting Files */ = {
			isa = PBXGroup;
			children = (
				3EBBEC1319EFF38500EEB90C /* Info.plist */,
			);
			name = "Supporting Files";
			sourceTree = "<group>";
		};
/* End PBXGroup section */

/* Begin PBXNativeTarget section */
		3EBBEBF419EFF38500EEB90C /* TouchIDPassDemo */ = {
			isa = PBXNativeTarget;
			buildConfigurationList = 3EBBEC1819EFF38500EEB90C /* Build configuration list for PBXNativeTarget "TouchIDPassDemo" */;
			buildPhases = (
				3EBBEBF119EFF38500EEB90C /* Sources */,
				3EBBEBF219EFF38500EEB90C /* Frameworks */,
				3EBBEBF319EFF38500EEB90C /* Resources */,
			);
			buildRules = (
			);
			dependencies = (
			);
			name = TouchIDPassDemo;
			productName = TouchIDPassDemo;
			productReference = 3EBBEBF519EFF38500EEB90C /* TouchIDPassDemo.app */;
			productType = "com.apple.product-type.application";
		};
		3EBBEC0D19EFF38500EEB90C /* TouchIDPassDemoTests */ = {
			isa = PBXNativeTarget;
			buildConfigurationList = 3EBBEC1B19EFF38500EEB90C /* Build configuration list for PBXNativeTarget "TouchIDPassDemoTests" */;
			buildPhases = (
				3EBBEC0A19EFF38500EEB90C /* Sources */,
				3EBBEC0B19EFF38500EEB90C /* Frameworks */,
				3EBBEC0C19EFF38500EEB90C /* Resources */,
			);
			buildRules = (
			);
			dependencies = (
				3EBBEC1019EFF38500EEB90C /* PBXTargetDependency */,
			);
			name = TouchIDPassDemoTests;
			productName = TouchIDPassDemoTests;
			productReference = 3EBBEC0E19EFF38500EEB90C /* TouchIDPassDemoTests.xctest */;
			productType = "com.apple.product-type.bundle.unit-test";
		};
/* End PBXNativeTarget section */

/* Begin PBXProject section */
		3EBBEBED19EFF38500EEB90C /* Project object */ = {
			isa = PBXProject;
			attributes = {
				LastUpgradeCheck = 0600;
				ORGANIZATIONNAME = detecyang;
				TargetAttributes = {
					3EBBEBF419EFF38500EEB90C = {
						CreatedOnToolsVersion = 6.0;
					};
					3EBBEC0D19EFF38500EEB90C = {
						CreatedOnToolsVersion = 6.0;
						TestTargetID = 3EBBEBF419EFF38500EEB90C;
					};
				};
			};
			buildConfigurationList = 3EBBEBF019EFF38500EEB90C /* Build configuration list for PBXProject "TouchIDPassDemo" */;
			compatibilityVersion = "Xcode 3.2";
			developmentRegion = English;
			hasScannedForEncodings = 0;
			knownRegions = (
				en,
				Base,
			);
			mainGroup = 3EBBEBEC19EFF38500EEB90C;
			productRefGroup = 3EBBEBF619EFF38500EEB90C /* Products */;
			projectDirPath = "";
			projectRoot = "";
			targets = (
				3EBBEBF419EFF38500EEB90C /* TouchIDPassDemo */,
				3EBBEC0D19EFF38500EEB90C /* TouchIDPassDemoTests */,
			);
		};
/* End PBXProject section */

/* Begin PBXResourcesBuildPhase section */
		3EBBEBF319EFF38500EEB90C /* Resources */ = {
			isa = PBXResourcesBuildPhase;
			buildActionMask = 2147483647;
			files = (
				3EBBEC0419EFF38500EEB90C /* Main.storyboard in Resources */,
				3EBBEC0919EFF38500EEB90C /* LaunchScreen.xib in Resources */,
				3EBBEC0619EFF38500EEB90C /* Images.xcassets in Resources */,
			);
			runOnlyForDeploymentPostprocessing = 0;
		};
		3EBBEC0C19EFF38500EEB90C /* Resources */ = {
			isa = PBXResourcesBuildPhase;
			buildActionMask = 2147483647;
			files = (
			);
			runOnlyForDeploymentPostprocessing = 0;
		};
/* End PBXResourcesBuildPhase section */

/* Begin PBXSourcesBuildPhase section */
		3EBBEBF119EFF38500EEB90C /* Sources */ = {
			isa = PBXSourcesBuildPhase;
			buildActionMask = 2147483647;
			files = (
				3EBBEC0119EFF38500EEB90C /* ViewController.m in Sources */,
				3EBBEBFE19EFF38500EEB90C /* AppDelegate.m in Sources */,
				3EBBEBFB19EFF38500EEB90C /* main.m in Sources */,
				3EB0BCDF19F10D6700C15EEA /* TouchIDPass.m in Sources */,
			);
			runOnlyForDeploymentPostprocessing = 0;
		};
		3EBBEC0A19EFF38500EEB90C /* Sources */ = {
			isa = PBXSourcesBuildPhase;
			buildActionMask = 2147483647;
			files = (
				3EBBEC1519EFF38500EEB90C /* TouchIDPassDemoTests.m in Sources */,
			);
			runOnlyForDeploymentPostprocessing = 0;
		};
/* End PBXSourcesBuildPhase section */

/* Begin PBXTargetDependency section */
		3EBBEC1019EFF38500EEB90C /* PBXTargetDependency */ = {
			isa = PBXTargetDependency;
			target = 3EBBEBF419EFF38500EEB90C /* TouchIDPassDemo */;
			targetProxy = 3EBBEC0F19EFF38500EEB90C /* PBXContainerItemProxy */;
		};
/* End PBXTargetDependency section */

/* Begin PBXVariantGroup section */
		3EBBEC0219EFF38500EEB90C /* Main.storyboard */ = {
			isa = PBXVariantGroup;
			children = (
				3EBBEC0319EFF38500EEB90C /* Base */,
			);
			name = Main.storyboard;
			sourceTree = "<group>";
		};
		3EBBEC0719EFF38500EEB90C /* LaunchScreen.xib */ = {
			isa = PBXVariantGroup;
			children = (
				3EBBEC0819EFF38500EEB90C /* Base */,
			);
			name = LaunchScreen.xib;
			sourceTree = "<group>";
		};
/* End PBXVariantGroup section */

/* Begin XCBuildConfiguration section */
		3EBBEC1619EFF38500EEB90C /* Debug */ = {
			isa = XCBuildConfiguration;
			buildSettings = {
				ALWAYS_SEARCH_USER_PATHS = NO;
				CLANG_CXX_LANGUAGE_STANDARD = "gnu++0x";
				CLANG_CXX_LIBRARY = "libc++";
				CLANG_ENABLE_MODULES = YES;
				CLANG_ENABLE_OBJC_ARC = YES;
				CLANG_WARN_BOOL_CONVERSION = YES;
				CLANG_WARN_CONSTANT_CONVERSION = YES;
				CLANG_WARN_DIRECT_OBJC_ISA_USAGE = YES_ERROR;
				CLANG_WARN_EMPTY_BODY = YES;
				CLANG_WARN_ENUM_CONVERSION = YES;
				CLANG_WARN_INT_CONVERSION = YES;
				CLANG_WARN_OBJC_ROOT_CLASS = YES_ERROR;
				CLANG_WARN_UNREACHABLE_CODE = YES;
				CLANG_WARN__DUPLICATE_METHOD_MATCH = YES;
				"CODE_SIGN_IDENTITY[sdk=iphoneos*]" = "iPhone Developer";
				COPY_PHASE_STRIP = NO;
				ENABLE_STRICT_OBJC_MSGSEND = YES;
				GCC_C_LANGUAGE_STANDARD = gnu99;
				GCC_DYNAMIC_NO_PIC = NO;
				GCC_OPTIMIZATION_LEVEL = 0;
				GCC_PREPROCESSOR_DEFINITIONS = (
					"DEBUG=1",
					"$(inherited)",
				);
				GCC_SYMBOLS_PRIVATE_EXTERN = NO;
				GCC_WARN_64_TO_32_BIT_CONVERSION = YES;
				GCC_WARN_ABOUT_RETURN_TYPE = YES_ERROR;
				GCC_WARN_UNDECLARED_SELECTOR = YES;
				GCC_WARN_UNINITIALIZED_AUTOS = YES_AGGRESSIVE;
				GCC_WARN_UNUSED_FUNCTION = YES;
				GCC_WARN_UNUSED_VARIABLE = YES;
				IPHONEOS_DEPLOYMENT_TARGET = 8.0;
				MTL_ENABLE_DEBUG_INFO = YES;
				ONLY_ACTIVE_ARCH = YES;
				SDKROOT = iphoneos;
			};
			name = Debug;
		};
		3EBBEC1719EFF38500EEB90C /* Release */ = {
			isa = XCBuildConfiguration;
			buildSettings = {
				ALWAYS_SEARCH_USER_PATHS = NO;
				CLANG_CXX_LANGUAGE_STANDARD = "gnu++0x";
				CLANG_CXX_LIBRARY = "libc++";
				CLANG_ENABLE_MODULES = YES;
				CLANG_ENABLE_OBJC_ARC = YES;
				CLANG_WARN_BOOL_CONVERSION = YES;
				CLANG_WARN_CONSTANT_CONVERSION = YES;
				CLANG_WARN_DIRECT_OBJC_ISA_USAGE = YES_ERROR;
				CLANG_WARN_EMPTY_BODY = YES;
				CLANG_WARN_ENUM_CONVERSION = YES;
				CLANG_WARN_INT_CONVERSION = YES;
				CLANG_WARN_OBJC_ROOT_CLASS = YES_ERROR;
				CLANG_WARN_UNREACHABLE_CODE = YES;
				CLANG_WARN__DUPLICATE_METHOD_MATCH = YES;
				"CODE_SIGN_IDENTITY[sdk=iphoneos*]" = "iPhone Developer";
				COPY_PHASE_STRIP = YES;
				ENABLE_NS_ASSERTIONS = NO;
				ENABLE_STRICT_OBJC_MSGSEND = YES;
				GCC_C_LANGUAGE_STANDARD = gnu99;
				GCC_WARN_64_TO_32_BIT_CONVERSION = YES;
				GCC_WARN_ABOUT_RETURN_TYPE = YES_ERROR;
				GCC_WARN_UNDECLARED_SELECTOR = YES;
				GCC_WARN_UNINITIALIZED_AUTOS = YES_AGGRESSIVE;
				GCC_WARN_UNUSED_FUNCTION = YES;
				GCC_WARN_UNUSED_VARIABLE = YES;
				IPHONEOS_DEPLOYMENT_TARGET = 8.0;
				MTL_ENABLE_DEBUG_INFO = NO;
				SDKROOT = iphoneos;
				VALIDATE_PRODUCT = YES;
			};
			name = Release;
		};
		3EBBEC1919EFF38500EEB90C /* Debug */ = {
			isa = XCBuildConfiguration;
			buildSettings = {
				ASSETCATALOG_COMPILER_APPICON_NAME = AppIcon;
				INFOPLIST_FILE = TouchIDPassDemo/Info.plist;
				IPHONEOS_DEPLOYMENT_TARGET = 8.0;
				LD_RUNPATH_SEARCH_PATHS = "$(inherited) @executable_path/Frameworks";
				PRODUCT_NAME = "$(TARGET_NAME)";
			};
			name = Debug;
		};
		3EBBEC1A19EFF38500EEB90C /* Release */ = {
			isa = XCBuildConfiguration;
			buildSettings = {
				ASSETCATALOG_COMPILER_APPICON_NAME = AppIcon;
				INFOPLIST_FILE = TouchIDPassDemo/Info.plist;
				IPHONEOS_DEPLOYMENT_TARGET = 8.0;
				LD_RUNPATH_SEARCH_PATHS = "$(inherited) @executable_path/Frameworks";
				PRODUCT_NAME = "$(TARGET_NAME)";
			};
			name = Release;
		};
		3EBBEC1C19EFF38500EEB90C /* Debug */ = {
			isa = XCBuildConfiguration;
			buildSettings = {
				BUNDLE_LOADER = "$(TEST_HOST)";
				FRAMEWORK_SEARCH_PATHS = (
					"$(SDKROOT)/Developer/Library/Frameworks",
					"$(inherited)",
				);
				GCC_PREPROCESSOR_DEFINITIONS = (
					"DEBUG=1",
					"$(inherited)",
				);
				INFOPLIST_FILE = TouchIDPassDemoTests/Info.plist;
				LD_RUNPATH_SEARCH_PATHS = "$(inherited) @executable_path/Frameworks @loader_path/Frameworks";
				PRODUCT_NAME = "$(TARGET_NAME)";
				TEST_HOST = "$(BUILT_PRODUCTS_DIR)/TouchIDPassDemo.app/TouchIDPassDemo";
			};
			name = Debug;
		};
		3EBBEC1D19EFF38500EEB90C /* Release */ = {
			isa = XCBuildConfiguration;
			buildSettings = {
				BUNDLE_LOADER = "$(TEST_HOST)";
				FRAMEWORK_SEARCH_PATHS = (
					"$(SDKROOT)/Developer/Library/Frameworks",
					"$(inherited)",
				);
				INFOPLIST_FILE = TouchIDPassDemoTests/Info.plist;
				LD_RUNPATH_SEARCH_PATHS = "$(inherited) @executable_path/Frameworks @loader_path/Frameworks";
				PRODUCT_NAME = "$(TARGET_NAME)";
				TEST_HOST = "$(BUILT_PRODUCTS_DIR)/TouchIDPassDemo.app/TouchIDPassDemo";
			};
			name = Release;
		};
/* End XCBuildConfiguration section */

/* Begin XCConfigurationList section */
		3EBBEBF019EFF38500EEB90C /* Build configuration list for PBXProject "TouchIDPassDemo" */ = {
			isa = XCConfigurationList;
			buildConfigurations = (
				3EBBEC1619EFF38500EEB90C /* Debug */,
				3EBBEC1719EFF38500EEB90C /* Release */,
			);
			defaultConfigurationIsVisible = 0;
			defaultConfigurationName = Release;
		};
		3EBBEC1819EFF38500EEB90C /* Build configuration list for PBXNativeTarget "TouchIDPassDemo" */ = {
			isa = XCConfigurationList;
			buildConfigurations = (
				3EBBEC1919EFF38500EEB90C /* Debug */,
				3EBBEC1A19EFF38500EEB90C /* Release */,
			);
			defaultConfigurationIsVisible = 0;
			defaultConfigurationName = Release;
		};
		3EBBEC1B19EFF38500EEB90C /* Build configuration list for PBXNativeTarget "TouchIDPassDemoTests" */ = {
			isa = XCConfigurationList;
			buildConfigurations = (
				3EBBEC1C19EFF38500EEB90C /* Debug */,
				3EBBEC1D19EFF38500EEB90C /* Release */,
			);
			defaultConfigurationIsVisible = 0;
			defaultConfigurationName = Release;
		};
/* End XCConfigurationList section */
	};
	rootObject = 3EBBEBED19EFF38500EEB90C /* Project object */;
}
